PODS:
  - AFNetworking (1.3.4)
  - FrameAccessor (1.3.2)
  - RichStyleLabel (0.0.1)
  - SVProgressHUD (1.0)
  - TTTAttributedLabel (1.10.1)

DEPENDENCIES:
  - AFNetworking (= 1.3.4)
  - FrameAccessor
  - RichStyleLabel
  - SVProgressHUD
  - TTTAttributedLabel

SPEC CHECKSUMS:
  AFNetworking: 80c4e0652b08eb34e25b9c0ff3c82556fe5967b4
  FrameAccessor: 5eec95b29b5e9a3afe72a7a2e9ed25b000d3bcc3
  RichStyleLabel: ecce024a379427398772ecddc71494e9a9c3d0cc
  SVProgressHUD: 5034c6e22b8c2ca3e09402e48d41ed0340aa1c50
  TTTAttributedLabel: 94bb04f1e005616002dd2cee0262a0082e533627

COCOAPODS: 0.32.1
